
Microsoft Visual Studio Solution File, Format Version 12.00
# Visual Studio Version 17
VisualStudioVersion = 17.0.31903.59
MinimumVisualStudioVersion = 10.0.40219.1
Project("{FAE04EC0-301F-11D3-BF4B-00C04F79EFBC}") = "API", "API\API.csproj", "{07F3AE53-1583-4A2E-91DD-D456591311AD}"
EndProject
Project("{FAE04EC0-301F-11D3-BF4B-00C04F79EFBC}") = "Application", "Application\Application.csproj", "{5ADA6D05-E118-45F3-82C2-6B1CB62292D0}"
EndProject
Project("{FAE04EC0-301F-11D3-BF4B-00C04F79EFBC}") = "Domain", "Domain\Domain.csproj", "{FB6EE01B-E73B-49EE-9B51-0E30C6E771FE}"
EndProject
Project("{FAE04EC0-301F-11D3-BF4B-00C04F79EFBC}") = "Persistence", "Persistence\Persistence.csproj", "{EF3F37D9-4039-447B-83E0-AF35E9DF3BD1}"
EndProject
Global
	GlobalSection(SolutionConfigurationPlatforms) = preSolution
		Debug|Any CPU = Debug|Any CPU
		Release|Any CPU = Release|Any CPU
	EndGlobalSection
	GlobalSection(SolutionProperties) = preSolution
		HideSolutionNode = FALSE
	EndGlobalSection
	GlobalSection(ProjectConfigurationPlatforms) = postSolution
		{07F3AE53-1583-4A2E-91DD-D456591311AD}.Debug|Any CPU.ActiveCfg = Debug|Any CPU
		{07F3AE53-1583-4A2E-91DD-D456591311AD}.Debug|Any CPU.Build.0 = Debug|Any CPU
		{07F3AE53-1583-4A2E-91DD-D456591311AD}.Release|Any CPU.ActiveCfg = Release|Any CPU
		{07F3AE53-1583-4A2E-91DD-D456591311AD}.Release|Any CPU.Build.0 = Release|Any CPU
		{5ADA6D05-E118-45F3-82C2-6B1CB62292D0}.Debug|Any CPU.ActiveCfg = Debug|Any CPU
		{5ADA6D05-E118-45F3-82C2-6B1CB62292D0}.Debug|Any CPU.Build.0 = Debug|Any CPU
		{5ADA6D05-E118-45F3-82C2-6B1CB62292D0}.Release|Any CPU.ActiveCfg = Release|Any CPU
		{5ADA6D05-E118-45F3-82C2-6B1CB62292D0}.Release|Any CPU.Build.0 = Release|Any CPU
		{FB6EE01B-E73B-49EE-9B51-0E30C6E771FE}.Debug|Any CPU.ActiveCfg = Debug|Any CPU
		{FB6EE01B-E73B-49EE-9B51-0E30C6E771FE}.Debug|Any CPU.Build.0 = Debug|Any CPU
		{FB6EE01B-E73B-49EE-9B51-0E30C6E771FE}.Release|Any CPU.ActiveCfg = Release|Any CPU
		{FB6EE01B-E73B-49EE-9B51-0E30C6E771FE}.Release|Any CPU.Build.0 = Release|Any CPU
		{EF3F37D9-4039-447B-83E0-AF35E9DF3BD1}.Debug|Any CPU.ActiveCfg = Debug|Any CPU
		{EF3F37D9-4039-447B-83E0-AF35E9DF3BD1}.Debug|Any CPU.Build.0 = Debug|Any CPU
		{EF3F37D9-4039-447B-83E0-AF35E9DF3BD1}.Release|Any CPU.ActiveCfg = Release|Any CPU
		{EF3F37D9-4039-447B-83E0-AF35E9DF3BD1}.Release|Any CPU.Build.0 = Release|Any CPU
	EndGlobalSection
EndGlobal
